// !$*UTF8*$!
{
	archiveVersion = 1;
	classes = {
	};
	objectVersion = 50;
	objects = {

/* Begin PBXBuildFile section */
		888C6D5023453B5500C624BD /* clevelandclinicbackground.jpg in Resources */ = {isa = PBXBuildFile; fileRef = 888C6D4F23453B5500C624BD /* clevelandclinicbackground.jpg */; };
		888C6D542345440900C624BD /* Unknown.jpg in Resources */ = {isa = PBXBuildFile; fileRef = 888C6D532345440900C624BD /* Unknown.jpg */; };
		888C6D562345447000C624BD /* blue.jpg in Resources */ = {isa = PBXBuildFile; fileRef = 888C6D552345447000C624BD /* blue.jpg */; };
		88F5D602234BD00B006E72E5 /* bluecircle.jpg in Resources */ = {isa = PBXBuildFile; fileRef = 88F5D601234BD00B006E72E5 /* bluecircle.jpg */; };
		88F5D604234BDB0F006E72E5 /* unnamed.jpg in Resources */ = {isa = PBXBuildFile; fileRef = 88F5D603234BDB0F006E72E5 /* unnamed.jpg */; };
		B123FB682346867F0008E215 /* TableViewController.swift in Sources */ = {isa = PBXBuildFile; fileRef = B123FB672346867F0008E215 /* TableViewController.swift */; };
		B123FB6A234686850008E215 /* Orders.plist in Resources */ = {isa = PBXBuildFile; fileRef = B123FB69234686850008E215 /* Orders.plist */; };
		B123FB6C234686CB0008E215 /* Main.storyboard in Resources */ = {isa = PBXBuildFile; fileRef = B123FB6B234686CB0008E215 /* Main.storyboard */; };
		B123FB70234689370008E215 /* ViewController.swift in Sources */ = {isa = PBXBuildFile; fileRef = B123FB6F234689370008E215 /* ViewController.swift */; };
		D413B9F1233020590097CE56 /* AppDelegate.swift in Sources */ = {isa = PBXBuildFile; fileRef = D413B9F0233020590097CE56 /* AppDelegate.swift */; };
		D413B9F82330205C0097CE56 /* Assets.xcassets in Resources */ = {isa = PBXBuildFile; fileRef = D413B9F72330205C0097CE56 /* Assets.xcassets */; };
		D413B9FB2330205C0097CE56 /* LaunchScreen.storyboard in Resources */ = {isa = PBXBuildFile; fileRef = D413B9F92330205C0097CE56 /* LaunchScreen.storyboard */; };
/* End PBXBuildFile section */

/* Begin PBXFileReference section */
		888C6D4F23453B5500C624BD /* clevelandclinicbackground.jpg */ = {isa = PBXFileReference; lastKnownFileType = image.jpeg; path = clevelandclinicbackground.jpg; sourceTree = "<group>"; };
		888C6D532345440900C624BD /* Unknown.jpg */ = {isa = PBXFileReference; lastKnownFileType = image.jpeg; path = Unknown.jpg; sourceTree = "<group>"; };
		888C6D552345447000C624BD /* blue.jpg */ = {isa = PBXFileReference; lastKnownFileType = image.jpeg; path = blue.jpg; sourceTree = "<group>"; };
		88F5D601234BD00B006E72E5 /* bluecircle.jpg */ = {isa = PBXFileReference; lastKnownFileType = image.jpeg; path = bluecircle.jpg; sourceTree = "<group>"; };
		88F5D603234BDB0F006E72E5 /* unnamed.jpg */ = {isa = PBXFileReference; lastKnownFileType = image.jpeg; path = unnamed.jpg; sourceTree = "<group>"; };
		B123FB672346867F0008E215 /* TableViewController.swift */ = {isa = PBXFileReference; fileEncoding = 4; lastKnownFileType = sourcecode.swift; path = TableViewController.swift; sourceTree = "<group>"; };
		B123FB69234686850008E215 /* Orders.plist */ = {isa = PBXFileReference; fileEncoding = 4; lastKnownFileType = text.plist.xml; path = Orders.plist; sourceTree = "<group>"; };
		B123FB6B234686CB0008E215 /* Main.storyboard */ = {isa = PBXFileReference; fileEncoding = 4; lastKnownFileType = file.storyboard; path = Main.storyboard; sourceTree = "<group>"; };
		B123FB6F234689370008E215 /* ViewController.swift */ = {isa = PBXFileReference; fileEncoding = 4; lastKnownFileType = sourcecode.swift; name = ViewController.swift; path = ../../../Documents/CPTSearch/CPTSearch/ViewController.swift; sourceTree = "<group>"; };
		D413B9ED233020590097CE56 /* CPTSearch.app */ = {isa = PBXFileReference; explicitFileType = wrapper.application; includeInIndex = 0; path = CPTSearch.app; sourceTree = BUILT_PRODUCTS_DIR; };
		D413B9F0233020590097CE56 /* AppDelegate.swift */ = {isa = PBXFileReference; lastKnownFileType = sourcecode.swift; path = AppDelegate.swift; sourceTree = "<group>"; };
		D413B9F72330205C0097CE56 /* Assets.xcassets */ = {isa = PBXFileReference; lastKnownFileType = folder.assetcatalog; path = Assets.xcassets; sourceTree = "<group>"; };
		D413B9FA2330205C0097CE56 /* Base */ = {isa = PBXFileReference; lastKnownFileType = file.storyboard; name = Base; path = Base.lproj/LaunchScreen.storyboard; sourceTree = "<group>"; };
		D413B9FC2330205C0097CE56 /* Info.plist */ = {isa = PBXFileReference; lastKnownFileType = text.plist.xml; path = Info.plist; sourceTree = "<group>"; };
/* End PBXFileReference section */

/* Begin PBXFrameworksBuildPhase section */
		D413B9EA233020590097CE56 /* Frameworks */ = {
			isa = PBXFrameworksBuildPhase;
			buildActionMask = 2147483647;
			files = (
			);
			runOnlyForDeploymentPostprocessing = 0;
		};
/* End PBXFrameworksBuildPhase section */

/* Begin PBXGroup section */
		888C6D4E23453B2F00C624BD /* Images */ = {
			isa = PBXGroup;
			children = (
				888C6D532345440900C624BD /* Unknown.jpg */,
				88F5D603234BDB0F006E72E5 /* unnamed.jpg */,
				88F5D601234BD00B006E72E5 /* bluecircle.jpg */,
				888C6D552345447000C624BD /* blue.jpg */,
				888C6D4F23453B5500C624BD /* clevelandclinicbackground.jpg */,
			);
			path = Images;
			sourceTree = "<group>";
		};
		D413B9E4233020590097CE56 = {
			isa = PBXGroup;
			children = (
				D413B9EF233020590097CE56 /* CPTSearch */,
				D413B9EE233020590097CE56 /* Products */,
			);
			sourceTree = "<group>";
		};
		D413B9EE233020590097CE56 /* Products */ = {
			isa = PBXGroup;
			children = (
				D413B9ED233020590097CE56 /* CPTSearch.app */,
			);
			name = Products;
			sourceTree = "<group>";
		};
		D413B9EF233020590097CE56 /* CPTSearch */ = {
			isa = PBXGroup;
			children = (
				888C6D4E23453B2F00C624BD /* Images */,
				D413B9F0233020590097CE56 /* AppDelegate.swift */,
				B123FB6F234689370008E215 /* ViewController.swift */,
				B123FB672346867F0008E215 /* TableViewController.swift */,
				B123FB6B234686CB0008E215 /* Main.storyboard */,
				D413B9F72330205C0097CE56 /* Assets.xcassets */,
				D413B9F92330205C0097CE56 /* LaunchScreen.storyboard */,
				B123FB69234686850008E215 /* Orders.plist */,
				D413B9FC2330205C0097CE56 /* Info.plist */,
			);
			path = CPTSearch;
			sourceTree = "<group>";
		};
/* End PBXGroup section */

/* Begin PBXNativeTarget section */
		D413B9EC233020590097CE56 /* CPTSearch */ = {
			isa = PBXNativeTarget;
			buildConfigurationList = D413B9FF2330205C0097CE56 /* Build configuration list for PBXNativeTarget "CPTSearch" */;
			buildPhases = (
				D413B9E9233020590097CE56 /* Sources */,
				D413B9EA233020590097CE56 /* Frameworks */,
				D413B9EB233020590097CE56 /* Resources */,
			);
			buildRules = (
			);
			dependencies = (
			);
			name = CPTSearch;
			productName = CPTSearch;
			productReference = D413B9ED233020590097CE56 /* CPTSearch.app */;
			productType = "com.apple.product-type.application";
		};
/* End PBXNativeTarget section */

/* Begin PBXProject section */
		D413B9E5233020590097CE56 /* Project object */ = {
			isa = PBXProject;
			attributes = {
				LastSwiftUpdateCheck = 1030;
				LastUpgradeCheck = 1030;
				ORGANIZATIONNAME = "Cleveland Clinic";
				TargetAttributes = {
					D413B9EC233020590097CE56 = {
						CreatedOnToolsVersion = 10.3;
					};
				};
			};
			buildConfigurationList = D413B9E8233020590097CE56 /* Build configuration list for PBXProject "CPTSearch" */;
			compatibilityVersion = "Xcode 9.3";
			developmentRegion = en;
			hasScannedForEncodings = 0;
			knownRegions = (
				en,
				Base,
			);
			mainGroup = D413B9E4233020590097CE56;
			productRefGroup = D413B9EE233020590097CE56 /* Products */;
			projectDirPath = "";
			projectRoot = "";
			targets = (
				D413B9EC233020590097CE56 /* CPTSearch */,
			);
		};
/* End PBXProject section */

/* Begin PBXResourcesBuildPhase section */
		D413B9EB233020590097CE56 /* Resources */ = {
			isa = PBXResourcesBuildPhase;
			buildActionMask = 2147483647;
			files = (
				B123FB6C234686CB0008E215 /* Main.storyboard in Resources */,
				888C6D5023453B5500C624BD /* clevelandclinicbackground.jpg in Resources */,
				888C6D562345447000C624BD /* blue.jpg in Resources */,
				888C6D542345440900C624BD /* Unknown.jpg in Resources */,
				D413B9FB2330205C0097CE56 /* LaunchScreen.storyboard in Resources */,
				B123FB6A234686850008E215 /* Orders.plist in Resources */,
				D413B9F82330205C0097CE56 /* Assets.xcassets in Resources */,
				88F5D602234BD00B006E72E5 /* bluecircle.jpg in Resources */,
				88F5D604234BDB0F006E72E5 /* unnamed.jpg in Resources */,
			);
			runOnlyForDeploymentPostprocessing = 0;
		};
/* End PBXResourcesBuildPhase section */

/* Begin PBXSourcesBuildPhase section */
		D413B9E9233020590097CE56 /* Sources */ = {
			isa = PBXSourcesBuildPhase;
			buildActionMask = 2147483647;
			files = (
				B123FB70234689370008E215 /* ViewController.swift in Sources */,
				B123FB682346867F0008E215 /* TableViewController.swift in Sources */,
				D413B9F1233020590097CE56 /* AppDelegate.swift in Sources */,
			);
			runOnlyForDeploymentPostprocessing = 0;
		};
/* End PBXSourcesBuildPhase section */

/* Begin PBXVariantGroup section */
		D413B9F92330205C0097CE56 /* LaunchScreen.storyboard */ = {
			isa = PBXVariantGroup;
			children = (
				D413B9FA2330205C0097CE56 /* Base */,
			);
			name = LaunchScreen.storyboard;
			sourceTree = "<group>";
		};
/* End PBXVariantGroup section */

/* Begin XCBuildConfiguration section */
		D413B9FD2330205C0097CE56 /* Debug */ = {
			isa = XCBuildConfiguration;
			buildSettings = {
				ALWAYS_SEARCH_USER_PATHS = NO;
				CLANG_ANALYZER_NONNULL = YES;
				CLANG_ANALYZER_NUMBER_OBJECT_CONVERSION = YES_AGGRESSIVE;
				CLANG_CXX_LANGUAGE_STANDARD = "gnu++14";
				CLANG_CXX_LIBRARY = "libc++";
				CLANG_ENABLE_MODULES = YES;
				CLANG_ENABLE_OBJC_ARC = YES;
				CLANG_ENABLE_OBJC_WEAK = YES;
				CLANG_WARN_BLOCK_CAPTURE_AUTORELEASING = YES;
				CLANG_WARN_BOOL_CONVERSION = YES;
				CLANG_WARN_COMMA = YES;
				CLANG_WARN_CONSTANT_CONVERSION = YES;
				CLANG_WARN_DEPRECATED_OBJC_IMPLEMENTATIONS = YES;
				CLANG_WARN_DIRECT_OBJC_ISA_USAGE = YES_ERROR;
				CLANG_WARN_DOCUMENTATION_COMMENTS = YES;
				CLANG_WARN_EMPTY_BODY = YES;
				CLANG_WARN_ENUM_CONVERSION = YES;
				CLANG_WARN_INFINITE_RECURSION = YES;
				CLANG_WARN_INT_CONVERSION = YES;
				CLANG_WARN_NON_LITERAL_NULL_CONVERSION = YES;
				CLANG_WARN_OBJC_IMPLICIT_RETAIN_SELF = YES;
				CLANG_WARN_OBJC_LITERAL_CONVERSION = YES;
				CLANG_WARN_OBJC_ROOT_CLASS = YES_ERROR;
				CLANG_WARN_RANGE_LOOP_ANALYSIS = YES;
				CLANG_WARN_STRICT_PROTOTYPES = YES;
				CLANG_WARN_SUSPICIOUS_MOVE = YES;
				CLANG_WARN_UNGUARDED_AVAILABILITY = YES_AGGRESSIVE;
				CLANG_WARN_UNREACHABLE_CODE = YES;
				CLANG_WARN__DUPLICATE_METHOD_MATCH = YES;
				CODE_SIGN_IDENTITY = "iPhone Developer";
				COPY_PHASE_STRIP = NO;
				DEBUG_INFORMATION_FORMAT = dwarf;
				ENABLE_STRICT_OBJC_MSGSEND = YES;
				ENABLE_TESTABILITY = YES;
				GCC_C_LANGUAGE_STANDARD = gnu11;
				GCC_DYNAMIC_NO_PIC = NO;
				GCC_NO_COMMON_BLOCKS = YES;
				GCC_OPTIMIZATION_LEVEL = 0;
				GCC_PREPROCESSOR_DEFINITIONS = (
					"DEBUG=1",
					"$(inherited)",
				);
				GCC_WARN_64_TO_32_BIT_CONVERSION = YES;
				GCC_WARN_ABOUT_RETURN_TYPE = YES_ERROR;
				GCC_WARN_UNDECLARED_SELECTOR = YES;
				GCC_WARN_UNINITIALIZED_AUTOS = YES_AGGRESSIVE;
				GCC_WARN_UNUSED_FUNCTION = YES;
				GCC_WARN_UNUSED_VARIABLE = YES;
				IPHONEOS_DEPLOYMENT_TARGET = 12.4;
				MTL_ENABLE_DEBUG_INFO = INCLUDE_SOURCE;
				MTL_FAST_MATH = YES;
				ONLY_ACTIVE_ARCH = YES;
				SDKROOT = iphoneos;
				SWIFT_ACTIVE_COMPILATION_CONDITIONS = DEBUG;
				SWIFT_OPTIMIZATION_LEVEL = "-Onone";
			};
			name = Debug;
		};
		D413B9FE2330205C0097CE56 /* Release */ = {
			isa = XCBuildConfiguration;
			buildSettings = {
				ALWAYS_SEARCH_USER_PATHS = NO;
				CLANG_ANALYZER_NONNULL = YES;
				CLANG_ANALYZER_NUMBER_OBJECT_CONVERSION = YES_AGGRESSIVE;
				CLANG_CXX_LANGUAGE_STANDARD = "gnu++14";
				CLANG_CXX_LIBRARY = "libc++";
				CLANG_ENABLE_MODULES = YES;
				CLANG_ENABLE_OBJC_ARC = YES;
				CLANG_ENABLE_OBJC_WEAK = YES;
				CLANG_WARN_BLOCK_CAPTURE_AUTORELEASING = YES;
				CLANG_WARN_BOOL_CONVERSION = YES;
				CLANG_WARN_COMMA = YES;
				CLANG_WARN_CONSTANT_CONVERSION = YES;
				CLANG_WARN_DEPRECATED_OBJC_IMPLEMENTATIONS = YES;
				CLANG_WARN_DIRECT_OBJC_ISA_USAGE = YES_ERROR;
				CLANG_WARN_DOCUMENTATION_COMMENTS = YES;
				CLANG_WARN_EMPTY_BODY = YES;
				CLANG_WARN_ENUM_CONVERSION = YES;
				CLANG_WARN_INFINITE_RECURSION = YES;
				CLANG_WARN_INT_CONVERSION = YES;
				CLANG_WARN_NON_LITERAL_NULL_CONVERSION = YES;
				CLANG_WARN_OBJC_IMPLICIT_RETAIN_SELF = YES;
				CLANG_WARN_OBJC_LITERAL_CONVERSION = YES;
				CLANG_WARN_OBJC_ROOT_CLASS = YES_ERROR;
				CLANG_WARN_RANGE_LOOP_ANALYSIS = YES;
				CLANG_WARN_STRICT_PROTOTYPES = YES;
				CLANG_WARN_SUSPICIOUS_MOVE = YES;
				CLANG_WARN_UNGUARDED_AVAILABILITY = YES_AGGRESSIVE;
				CLANG_WARN_UNREACHABLE_CODE = YES;
				CLANG_WARN__DUPLICATE_METHOD_MATCH = YES;
				CODE_SIGN_IDENTITY = "iPhone Developer";
				COPY_PHASE_STRIP = NO;
				DEBUG_INFORMATION_FORMAT = "dwarf-with-dsym";
				ENABLE_NS_ASSERTIONS = NO;
				ENABLE_STRICT_OBJC_MSGSEND = YES;
				GCC_C_LANGUAGE_STANDARD = gnu11;
				GCC_NO_COMMON_BLOCKS = YES;
				GCC_WARN_64_TO_32_BIT_CONVERSION = YES;
				GCC_WARN_ABOUT_RETURN_TYPE = YES_ERROR;
				GCC_WARN_UNDECLARED_SELECTOR = YES;
				GCC_WARN_UNINITIALIZED_AUTOS = YES_AGGRESSIVE;
				GCC_WARN_UNUSED_FUNCTION = YES;
				GCC_WARN_UNUSED_VARIABLE = YES;
				IPHONEOS_DEPLOYMENT_TARGET = 12.4;
				MTL_ENABLE_DEBUG_INFO = NO;
				MTL_FAST_MATH = YES;
				SDKROOT = iphoneos;
				SWIFT_COMPILATION_MODE = wholemodule;
				SWIFT_OPTIMIZATION_LEVEL = "-O";
				VALIDATE_PRODUCT = YES;
			};
			name = Release;
		};
		D413BA002330205C0097CE56 /* Debug */ = {
			isa = XCBuildConfiguration;
			buildSettings = {
				ASSETCATALOG_COMPILER_APPICON_NAME = AppIcon;
				CODE_SIGN_STYLE = Automatic;
				DEVELOPMENT_TEAM = W8ZC6A55VT;
				INFOPLIST_FILE = CPTSearch/Info.plist;
				LD_RUNPATH_SEARCH_PATHS = (
					"$(inherited)",
					"@executable_path/Frameworks",
				);
				PRODUCT_BUNDLE_IDENTIFIER = com.CC.CPTSearch;
				PRODUCT_NAME = "$(TARGET_NAME)";
				SWIFT_VERSION = 5.0;
				TARGETED_DEVICE_FAMILY = "1,2";
			};
			name = Debug;
		};
		D413BA012330205C0097CE56 /* Release */ = {
			isa = XCBuildConfiguration;
			buildSettings = {
				ASSETCATALOG_COMPILER_APPICON_NAME = AppIcon;
				CODE_SIGN_STYLE = Automatic;
				DEVELOPMENT_TEAM = W8ZC6A55VT;
				INFOPLIST_FILE = CPTSearch/Info.plist;
				LD_RUNPATH_SEARCH_PATHS = (
					"$(inherited)",
					"@executable_path/Frameworks",
				);
				PRODUCT_BUNDLE_IDENTIFIER = com.CC.CPTSearch;
				PRODUCT_NAME = "$(TARGET_NAME)";
				SWIFT_VERSION = 5.0;
				TARGETED_DEVICE_FAMILY = "1,2";
			};
			name = Release;
		};
/* End XCBuildConfiguration section */

/* Begin XCConfigurationList section */
		D413B9E8233020590097CE56 /* Build configuration list for PBXProject "CPTSearch" */ = {
			isa = XCConfigurationList;
			buildConfigurations = (
				D413B9FD2330205C0097CE56 /* Debug */,
				D413B9FE2330205C0097CE56 /* Release */,
			);
			defaultConfigurationIsVisible = 0;
			defaultConfigurationName = Release;
		};
		D413B9FF2330205C0097CE56 /* Build configuration list for PBXNativeTarget "CPTSearch" */ = {
			isa = XCConfigurationList;
			buildConfigurations = (
				D413BA002330205C0097CE56 /* Debug */,
				D413BA012330205C0097CE56 /* Release */,
			);
			defaultConfigurationIsVisible = 0;
			defaultConfigurationName = Release;
		};
/* End XCConfigurationList section */
	};
	rootObject = D413B9E5233020590097CE56 /* Project object */;
}
